
Microsoft Visual Studio Solution File, Format Version 12.00
# Visual Studio Version 17
VisualStudioVersion = 17.0.31903.59
MinimumVisualStudioVersion = 10.0.40219.1
Project("{FAE04EC0-301F-11D3-BF4B-00C04F79EFBC}") = "GedcomGeniSync.Core", "GedcomGeniSync.Core\GedcomGeniSync.Core.csproj", "{63A23CB8-DAD0-4203-B525-9CBD2587439D}"
EndProject
Project("{FAE04EC0-301F-11D3-BF4B-00C04F79EFBC}") = "GedcomGeniSync.Cli", "GedcomGeniSync.Cli\GedcomGeniSync.Cli.csproj", "{2EC1EB12-3DE2-4FBB-8FB0-A161B48DEC5D}"
EndProject
Global
	GlobalSection(SolutionConfigurationPlatforms) = preSolution
		Debug|Any CPU = Debug|Any CPU
		Debug|x64 = Debug|x64
		Debug|x86 = Debug|x86
		Release|Any CPU = Release|Any CPU
		Release|x64 = Release|x64
		Release|x86 = Release|x86
	EndGlobalSection
	GlobalSection(ProjectConfigurationPlatforms) = postSolution
		{63A23CB8-DAD0-4203-B525-9CBD2587439D}.Debug|Any CPU.ActiveCfg = Debug|Any CPU
		{63A23CB8-DAD0-4203-B525-9CBD2587439D}.Debug|Any CPU.Build.0 = Debug|Any CPU
		{63A23CB8-DAD0-4203-B525-9CBD2587439D}.Debug|x64.ActiveCfg = Debug|Any CPU
		{63A23CB8-DAD0-4203-B525-9CBD2587439D}.Debug|x64.Build.0 = Debug|Any CPU
		{63A23CB8-DAD0-4203-B525-9CBD2587439D}.Debug|x86.ActiveCfg = Debug|Any CPU
		{63A23CB8-DAD0-4203-B525-9CBD2587439D}.Debug|x86.Build.0 = Debug|Any CPU
		{63A23CB8-DAD0-4203-B525-9CBD2587439D}.Release|Any CPU.ActiveCfg = Release|Any CPU
		{63A23CB8-DAD0-4203-B525-9CBD2587439D}.Release|Any CPU.Build.0 = Release|Any CPU
		{63A23CB8-DAD0-4203-B525-9CBD2587439D}.Release|x64.ActiveCfg = Release|Any CPU
		{63A23CB8-DAD0-4203-B525-9CBD2587439D}.Release|x64.Build.0 = Release|Any CPU
		{63A23CB8-DAD0-4203-B525-9CBD2587439D}.Release|x86.ActiveCfg = Release|Any CPU
		{63A23CB8-DAD0-4203-B525-9CBD2587439D}.Release|x86.Build.0 = Release|Any CPU
		{2EC1EB12-3DE2-4FBB-8FB0-A161B48DEC5D}.Debug|Any CPU.ActiveCfg = Debug|Any CPU
		{2EC1EB12-3DE2-4FBB-8FB0-A161B48DEC5D}.Debug|Any CPU.Build.0 = Debug|Any CPU
		{2EC1EB12-3DE2-4FBB-8FB0-A161B48DEC5D}.Debug|x64.ActiveCfg = Debug|Any CPU
		{2EC1EB12-3DE2-4FBB-8FB0-A161B48DEC5D}.Debug|x64.Build.0 = Debug|Any CPU
		{2EC1EB12-3DE2-4FBB-8FB0-A161B48DEC5D}.Debug|x86.ActiveCfg = Debug|Any CPU
		{2EC1EB12-3DE2-4FBB-8FB0-A161B48DEC5D}.Debug|x86.Build.0 = Debug|Any CPU
		{2EC1EB12-3DE2-4FBB-8FB0-A161B48DEC5D}.Release|Any CPU.ActiveCfg = Release|Any CPU
		{2EC1EB12-3DE2-4FBB-8FB0-A161B48DEC5D}.Release|Any CPU.Build.0 = Release|Any CPU
		{2EC1EB12-3DE2-4FBB-8FB0-A161B48DEC5D}.Release|x64.ActiveCfg = Release|Any CPU
		{2EC1EB12-3DE2-4FBB-8FB0-A161B48DEC5D}.Release|x64.Build.0 = Release|Any CPU
		{2EC1EB12-3DE2-4FBB-8FB0-A161B48DEC5D}.Release|x86.ActiveCfg = Release|Any CPU
		{2EC1EB12-3DE2-4FBB-8FB0-A161B48DEC5D}.Release|x86.Build.0 = Release|Any CPU
	EndGlobalSection
	GlobalSection(SolutionProperties) = preSolution
		HideSolutionNode = FALSE
	EndGlobalSection
EndGlobal
